{
  "name": "makest",
  "version": "0.1.1",
  "lockfileVersion": 3,
  "requires": true,
  "packages": {
    "": {
      "name": "makest",
      "version": "0.1.1",
      "license": "MIT",
      "dependencies": {
        "makest": "file:makest-0.1.1.tgz"
      }
    },
    "node_modules/makest": {
      "version": "0.1.1",
      "resolved": "file:makest-0.1.1.tgz",
      "integrity": "sha512-/9Ru+LSFEJYjAINZH/GQYZEB1ONb2+ktTO74VG14knf1T2/zkeyk8KrNd+kvXzwx0f3j8HK7LGkgvximUKYvuw==",
      "license": "MIT"
    }
  }
}
