{
  "name": "makestate",
  "version": "0.1.0",
  "lockfileVersion": 3,
  "requires": true,
  "packages": {
    "": {
      "name": "makestate",
      "version": "0.1.0",
      "license": "MIT",
      "dependencies": {
        "makestate": "file:makestate-0.1.0.tgz"
      }
    },
    "node_modules/makestate": {
      "version": "0.1.0",
      "resolved": "file:makestate-0.1.0.tgz",
      "integrity": "sha512-PxLF7ySaKLLGPjZgjJSwo1l5TYaIMe/XL/GhhIUMuh0cASEGNrhBsEAXK4YXM5r7fOX9TV9in41FswWzS4JufA==",
      "license": "MIT"
    }
  }
}
